{
  "originHash" : "02c652374298720cdaa2e24809bc6bf8dfa33c931c8b07272ab5a1c896df433a",
  "pins" : [
    {
      "identity" : "onnxruntime-swift-package-manager",
      "kind" : "remoteSourceControl",
      "location" : "https://github.com/microsoft/onnxruntime-swift-package-manager",
      "state" : {
        "revision" : "12ce7374c86944e1f68f3a866d10105d8357f074",
        "version" : "1.20.0"
      }
    },
    {
      "identity" : "youtubekit",
      "kind" : "remoteSourceControl",
      "location" : "https://github.com/alexeichhorn/YouTubeKit",
      "state" : {
        "branch" : "main",
        "revision" : "e5b7d0396ce12bf3444f0d209e8436c83373b7af"
      }
    }
  ],
  "version" : 3
}
