{
  "originHash" : "9510f39439c4eba8d14bf450fcc3c836fb7203d1498224e004303a913e7ccc15",
  "pins" : [
    {
      "identity" : "onnxruntime-swift-package-manager",
      "kind" : "remoteSourceControl",
      "location" : "https://github.com/microsoft/onnxruntime-swift-package-manager",
      "state" : {
        "revision" : "12ce7374c86944e1f68f3a866d10105d8357f074",
        "version" : "1.20.0"
      }
    }
  ],
  "version" : 3
}
